
Microsoft Visual Studio Solution File, Format Version 11.00
# Visual Studio 2010
Project("{FAE04EC0-301F-11D3-BF4B-00C04F79EFBC}") = "Every Class Project Unity Class", "Assembly-CSharp.csproj", "{94D316B6-7377-DD24-25AD-625CC0878CC8}"
EndProject
Project("{FAE04EC0-301F-11D3-BF4B-00C04F79EFBC}") = "Every Class Project Unity Class", "Assembly-CSharp-Editor.csproj", "{76D72535-AB3D-0780-6624-3B70776CB3BC}"
EndProject
Global
	GlobalSection(SolutionConfigurationPlatforms) = preSolution
		Debug|Any CPU = Debug|Any CPU
		Release|Any CPU = Release|Any CPU
	EndGlobalSection
	GlobalSection(ProjectConfigurationPlatforms) = postSolution
		{94D316B6-7377-DD24-25AD-625CC0878CC8}.Debug|Any CPU.ActiveCfg = Debug|Any CPU
		{94D316B6-7377-DD24-25AD-625CC0878CC8}.Debug|Any CPU.Build.0 = Debug|Any CPU
		{94D316B6-7377-DD24-25AD-625CC0878CC8}.Release|Any CPU.ActiveCfg = Release|Any CPU
		{94D316B6-7377-DD24-25AD-625CC0878CC8}.Release|Any CPU.Build.0 = Release|Any CPU
		{76D72535-AB3D-0780-6624-3B70776CB3BC}.Debug|Any CPU.ActiveCfg = Debug|Any CPU
		{76D72535-AB3D-0780-6624-3B70776CB3BC}.Debug|Any CPU.Build.0 = Debug|Any CPU
		{76D72535-AB3D-0780-6624-3B70776CB3BC}.Release|Any CPU.ActiveCfg = Release|Any CPU
		{76D72535-AB3D-0780-6624-3B70776CB3BC}.Release|Any CPU.Build.0 = Release|Any CPU
	EndGlobalSection
	GlobalSection(SolutionProperties) = preSolution
		HideSolutionNode = FALSE
	EndGlobalSection
	GlobalSection(MonoDevelopProperties) = preSolution
		StartupItem = Assembly-CSharp.csproj
	EndGlobalSection
EndGlobal
